
Microsoft Visual Studio Solution File, Format Version 12.00
# Visual Studio Version 17
VisualStudioVersion = 17.11.35303.130
MinimumVisualStudioVersion = 10.0.40219.1
Project("{8BC9CEB8-8B4A-11D0-8D11-00A0C91BC942}") = "Project1", "Project1\Project1.vcxproj", "{C83884E3-9BA6-45F8-B85E-F4C442DA272B}"
EndProject
Global
	GlobalSection(SolutionConfigurationPlatforms) = preSolution
		Debug|x64 = Debug|x64
		Debug|x86 = Debug|x86
		Release|x64 = Release|x64
		Release|x86 = Release|x86
	EndGlobalSection
	GlobalSection(ProjectConfigurationPlatforms) = postSolution
		{C83884E3-9BA6-45F8-B85E-F4C442DA272B}.Debug|x64.ActiveCfg = Debug|x64
		{C83884E3-9BA6-45F8-B85E-F4C442DA272B}.Debug|x64.Build.0 = Debug|x64
		{C83884E3-9BA6-45F8-B85E-F4C442DA272B}.Debug|x86.ActiveCfg = Debug|Win32
		{C83884E3-9BA6-45F8-B85E-F4C442DA272B}.Debug|x86.Build.0 = Debug|Win32
		{C83884E3-9BA6-45F8-B85E-F4C442DA272B}.Release|x64.ActiveCfg = Release|x64
		{C83884E3-9BA6-45F8-B85E-F4C442DA272B}.Release|x64.Build.0 = Release|x64
		{C83884E3-9BA6-45F8-B85E-F4C442DA272B}.Release|x86.ActiveCfg = Release|Win32
		{C83884E3-9BA6-45F8-B85E-F4C442DA272B}.Release|x86.Build.0 = Release|Win32
	EndGlobalSection
	GlobalSection(SolutionProperties) = preSolution
		HideSolutionNode = FALSE
	EndGlobalSection
	GlobalSection(ExtensibilityGlobals) = postSolution
		SolutionGuid = {23C8951C-AE4D-4470-B7ED-5E538FC0EDB2}
	EndGlobalSection
EndGlobal
